
Microsoft Visual Studio Solution File, Format Version 12.00
# Visual Studio Version 16
VisualStudioVersion = 16.0.31605.320
MinimumVisualStudioVersion = 10.0.40219.1
Project("{FAE04EC0-301F-11D3-BF4B-00C04F79EFBC}") = "WEBAPI2", "WEBAPI2\WEBAPI2.csproj", "{F5A73E70-5CF5-43B1-9AD1-0E1408DCDBA9}"
EndProject
Global
	GlobalSection(SolutionConfigurationPlatforms) = preSolution
		Debug|Any CPU = Debug|Any CPU
		Release|Any CPU = Release|Any CPU
	EndGlobalSection
	GlobalSection(ProjectConfigurationPlatforms) = postSolution
		{F5A73E70-5CF5-43B1-9AD1-0E1408DCDBA9}.Debug|Any CPU.ActiveCfg = Debug|Any CPU
		{F5A73E70-5CF5-43B1-9AD1-0E1408DCDBA9}.Debug|Any CPU.Build.0 = Debug|Any CPU
		{F5A73E70-5CF5-43B1-9AD1-0E1408DCDBA9}.Release|Any CPU.ActiveCfg = Release|Any CPU
		{F5A73E70-5CF5-43B1-9AD1-0E1408DCDBA9}.Release|Any CPU.Build.0 = Release|Any CPU
	EndGlobalSection
	GlobalSection(SolutionProperties) = preSolution
		HideSolutionNode = FALSE
	EndGlobalSection
	GlobalSection(ExtensibilityGlobals) = postSolution
		SolutionGuid = {66EC1E73-D9C5-4AB9-A06A-A302FE4085DA}
	EndGlobalSection
EndGlobal
